
Microsoft Visual Studio Solution File, Format Version 12.00
# Visual Studio Version 16
VisualStudioVersion = 16.0.29613.14
MinimumVisualStudioVersion = 10.0.40219.1
Project("{9A19103F-16F7-4668-BE54-9A1E7A4F7556}") = "MicroRabbit.Domain.Core", "MicroRabbit.Domain.Core\MicroRabbit.Domain.Core.csproj", "{EDFDA445-D07B-49C0-9089-DE3A85944590}"
EndProject
Project("{2150E333-8FDC-42A3-9474-1A3956D46DE8}") = "Domain", "Domain", "{907CAB18-B9CC-4D06-9C1C-5309B5056183}"
EndProject
Project("{2150E333-8FDC-42A3-9474-1A3956D46DE8}") = "Infrastructure.Bus", "Infrastructure.Bus", "{EA71BB52-5842-4C3F-AD4F-8B0F4A64AB1B}"
EndProject
Project("{9A19103F-16F7-4668-BE54-9A1E7A4F7556}") = "MicroRabbit.Infrastructure.Bus", "MicroRabbit.Infrastructure.Bus\MicroRabbit.Infrastructure.Bus.csproj", "{52128A43-4B24-4986-B317-61CF67783731}"
EndProject
Project("{2150E333-8FDC-42A3-9474-1A3956D46DE8}") = "Infrastructure.IoC", "Infrastructure.IoC", "{E4BFCDC9-8B2E-4355-A628-4B00423D04E9}"
EndProject
Project("{9A19103F-16F7-4668-BE54-9A1E7A4F7556}") = "MicroRabbit.Infrastructure.IoC", "MicroRabbit.Infrastructure.IoC\MicroRabbit.Infrastructure.IoC.csproj", "{18EFAC6A-4C47-4D74-84F5-21DAC0FCC2D1}"
EndProject
Project("{2150E333-8FDC-42A3-9474-1A3956D46DE8}") = "Microservices", "Microservices", "{C11F6915-89C9-466C-9D58-2D57BBCA9D9B}"
EndProject
Project("{2150E333-8FDC-42A3-9474-1A3956D46DE8}") = "Banking", "Banking", "{51247395-4A24-40AA-9DC0-72CD011A48D3}"
EndProject
Project("{2150E333-8FDC-42A3-9474-1A3956D46DE8}") = "Api", "Api", "{EF64ED78-4408-4360-B060-2B7C6698FE7B}"
EndProject
Project("{2150E333-8FDC-42A3-9474-1A3956D46DE8}") = "Application", "Application", "{B919ACBF-E73E-4BA9-9CB8-B532455FEEB2}"
EndProject
Project("{2150E333-8FDC-42A3-9474-1A3956D46DE8}") = "Data", "Data", "{1E74670C-F03E-4C5E-A0E5-6DD68351A7A9}"
EndProject
Project("{2150E333-8FDC-42A3-9474-1A3956D46DE8}") = "Domain", "Domain", "{CA5134C1-BFD5-4669-9E51-8E44BFBDA518}"
EndProject
Project("{9A19103F-16F7-4668-BE54-9A1E7A4F7556}") = "MicroRabbit.Banking.Api", "MicroRabbit.Banking.Api\MicroRabbit.Banking.Api.csproj", "{76AA5DED-7857-4369-B87C-DAB1E4A18012}"
EndProject
Project("{9A19103F-16F7-4668-BE54-9A1E7A4F7556}") = "MicroRabbit.Banking.Application", "MicroRabbit.Banking.Application\MicroRabbit.Banking.Application.csproj", "{5F33CBB7-C397-40F5-BE69-E37C72BC7D95}"
EndProject
Project("{9A19103F-16F7-4668-BE54-9A1E7A4F7556}") = "MicroRabbit.Banking.Data", "MicroRabbit.Banking.Data\MicroRabbit.Banking.Data.csproj", "{69111B2B-3FD9-4639-AA17-D3672B959909}"
EndProject
Project("{9A19103F-16F7-4668-BE54-9A1E7A4F7556}") = "MicroRabbit.Banking.Domain", "MicroRabbit.Banking.Domain\MicroRabbit.Banking.Domain.csproj", "{D71EA00E-32AC-4CD5-8F48-4AD40B75A8A0}"
EndProject
Project("{2150E333-8FDC-42A3-9474-1A3956D46DE8}") = "Transfer", "Transfer", "{6CC9E491-53C2-48EE-8628-8EAAB3FE64E3}"
EndProject
Project("{2150E333-8FDC-42A3-9474-1A3956D46DE8}") = "Api", "Api", "{554B1C3E-EE55-42CE-B549-790EBD324F86}"
EndProject
Project("{2150E333-8FDC-42A3-9474-1A3956D46DE8}") = "Application", "Application", "{50B428CC-FCAC-4B5A-B206-9A0EC0FE2098}"
EndProject
Project("{2150E333-8FDC-42A3-9474-1A3956D46DE8}") = "Data", "Data", "{4CB6AA64-2755-4631-986D-006E6D60C00D}"
EndProject
Project("{2150E333-8FDC-42A3-9474-1A3956D46DE8}") = "Domain", "Domain", "{87931998-9006-4F38-9B12-468A0E668575}"
EndProject
Project("{FAE04EC0-301F-11D3-BF4B-00C04F79EFBC}") = "MicroRabbit.Transfer.Api", "MicroRabbit.Transfer.Api\MicroRabbit.Transfer.Api.csproj", "{79F9556E-7712-47AF-897B-034174AB7E83}"
EndProject
Project("{9A19103F-16F7-4668-BE54-9A1E7A4F7556}") = "MicroRabbit.Transfer.Application", "MicroRabbit.Transfer.Application\MicroRabbit.Transfer.Application.csproj", "{4399EAB7-B121-46A1-AB63-0B240D21DFEB}"
EndProject
Project("{9A19103F-16F7-4668-BE54-9A1E7A4F7556}") = "MicroRabbit.Transfer.Data", "MicroRabbit.Transfer.Data\MicroRabbit.Transfer.Data.csproj", "{A2905C5A-28AC-45C0-BAE6-6EF304836288}"
EndProject
Project("{9A19103F-16F7-4668-BE54-9A1E7A4F7556}") = "MicroRabbit.Transfer.Domain", "MicroRabbit.Transfer.Domain\MicroRabbit.Transfer.Domain.csproj", "{4917E6D8-BA98-4397-8012-585E02AF21E4}"
EndProject
Global
	GlobalSection(SolutionConfigurationPlatforms) = preSolution
		Debug|Any CPU = Debug|Any CPU
		Release|Any CPU = Release|Any CPU
	EndGlobalSection
	GlobalSection(ProjectConfigurationPlatforms) = postSolution
		{EDFDA445-D07B-49C0-9089-DE3A85944590}.Debug|Any CPU.ActiveCfg = Debug|Any CPU
		{EDFDA445-D07B-49C0-9089-DE3A85944590}.Debug|Any CPU.Build.0 = Debug|Any CPU
		{EDFDA445-D07B-49C0-9089-DE3A85944590}.Release|Any CPU.ActiveCfg = Release|Any CPU
		{EDFDA445-D07B-49C0-9089-DE3A85944590}.Release|Any CPU.Build.0 = Release|Any CPU
		{52128A43-4B24-4986-B317-61CF67783731}.Debug|Any CPU.ActiveCfg = Debug|Any CPU
		{52128A43-4B24-4986-B317-61CF67783731}.Debug|Any CPU.Build.0 = Debug|Any CPU
		{52128A43-4B24-4986-B317-61CF67783731}.Release|Any CPU.ActiveCfg = Release|Any CPU
		{52128A43-4B24-4986-B317-61CF67783731}.Release|Any CPU.Build.0 = Release|Any CPU
		{18EFAC6A-4C47-4D74-84F5-21DAC0FCC2D1}.Debug|Any CPU.ActiveCfg = Debug|Any CPU
		{18EFAC6A-4C47-4D74-84F5-21DAC0FCC2D1}.Debug|Any CPU.Build.0 = Debug|Any CPU
		{18EFAC6A-4C47-4D74-84F5-21DAC0FCC2D1}.Release|Any CPU.ActiveCfg = Release|Any CPU
		{18EFAC6A-4C47-4D74-84F5-21DAC0FCC2D1}.Release|Any CPU.Build.0 = Release|Any CPU
		{76AA5DED-7857-4369-B87C-DAB1E4A18012}.Debug|Any CPU.ActiveCfg = Debug|Any CPU
		{76AA5DED-7857-4369-B87C-DAB1E4A18012}.Debug|Any CPU.Build.0 = Debug|Any CPU
		{76AA5DED-7857-4369-B87C-DAB1E4A18012}.Release|Any CPU.ActiveCfg = Release|Any CPU
		{76AA5DED-7857-4369-B87C-DAB1E4A18012}.Release|Any CPU.Build.0 = Release|Any CPU
		{5F33CBB7-C397-40F5-BE69-E37C72BC7D95}.Debug|Any CPU.ActiveCfg = Debug|Any CPU
		{5F33CBB7-C397-40F5-BE69-E37C72BC7D95}.Debug|Any CPU.Build.0 = Debug|Any CPU
		{5F33CBB7-C397-40F5-BE69-E37C72BC7D95}.Release|Any CPU.ActiveCfg = Release|Any CPU
		{5F33CBB7-C397-40F5-BE69-E37C72BC7D95}.Release|Any CPU.Build.0 = Release|Any CPU
		{69111B2B-3FD9-4639-AA17-D3672B959909}.Debug|Any CPU.ActiveCfg = Debug|Any CPU
		{69111B2B-3FD9-4639-AA17-D3672B959909}.Debug|Any CPU.Build.0 = Debug|Any CPU
		{69111B2B-3FD9-4639-AA17-D3672B959909}.Release|Any CPU.ActiveCfg = Release|Any CPU
		{69111B2B-3FD9-4639-AA17-D3672B959909}.Release|Any CPU.Build.0 = Release|Any CPU
		{D71EA00E-32AC-4CD5-8F48-4AD40B75A8A0}.Debug|Any CPU.ActiveCfg = Debug|Any CPU
		{D71EA00E-32AC-4CD5-8F48-4AD40B75A8A0}.Debug|Any CPU.Build.0 = Debug|Any CPU
		{D71EA00E-32AC-4CD5-8F48-4AD40B75A8A0}.Release|Any CPU.ActiveCfg = Release|Any CPU
		{D71EA00E-32AC-4CD5-8F48-4AD40B75A8A0}.Release|Any CPU.Build.0 = Release|Any CPU
		{79F9556E-7712-47AF-897B-034174AB7E83}.Debug|Any CPU.ActiveCfg = Debug|Any CPU
		{79F9556E-7712-47AF-897B-034174AB7E83}.Debug|Any CPU.Build.0 = Debug|Any CPU
		{79F9556E-7712-47AF-897B-034174AB7E83}.Release|Any CPU.ActiveCfg = Release|Any CPU
		{79F9556E-7712-47AF-897B-034174AB7E83}.Release|Any CPU.Build.0 = Release|Any CPU
		{4399EAB7-B121-46A1-AB63-0B240D21DFEB}.Debug|Any CPU.ActiveCfg = Debug|Any CPU
		{4399EAB7-B121-46A1-AB63-0B240D21DFEB}.Debug|Any CPU.Build.0 = Debug|Any CPU
		{4399EAB7-B121-46A1-AB63-0B240D21DFEB}.Release|Any CPU.ActiveCfg = Release|Any CPU
		{4399EAB7-B121-46A1-AB63-0B240D21DFEB}.Release|Any CPU.Build.0 = Release|Any CPU
		{A2905C5A-28AC-45C0-BAE6-6EF304836288}.Debug|Any CPU.ActiveCfg = Debug|Any CPU
		{A2905C5A-28AC-45C0-BAE6-6EF304836288}.Debug|Any CPU.Build.0 = Debug|Any CPU
		{A2905C5A-28AC-45C0-BAE6-6EF304836288}.Release|Any CPU.ActiveCfg = Release|Any CPU
		{A2905C5A-28AC-45C0-BAE6-6EF304836288}.Release|Any CPU.Build.0 = Release|Any CPU
		{4917E6D8-BA98-4397-8012-585E02AF21E4}.Debug|Any CPU.ActiveCfg = Debug|Any CPU
		{4917E6D8-BA98-4397-8012-585E02AF21E4}.Debug|Any CPU.Build.0 = Debug|Any CPU
		{4917E6D8-BA98-4397-8012-585E02AF21E4}.Release|Any CPU.ActiveCfg = Release|Any CPU
		{4917E6D8-BA98-4397-8012-585E02AF21E4}.Release|Any CPU.Build.0 = Release|Any CPU
	EndGlobalSection
	GlobalSection(SolutionProperties) = preSolution
		HideSolutionNode = FALSE
	EndGlobalSection
	GlobalSection(NestedProjects) = preSolution
		{EDFDA445-D07B-49C0-9089-DE3A85944590} = {907CAB18-B9CC-4D06-9C1C-5309B5056183}
		{52128A43-4B24-4986-B317-61CF67783731} = {EA71BB52-5842-4C3F-AD4F-8B0F4A64AB1B}
		{18EFAC6A-4C47-4D74-84F5-21DAC0FCC2D1} = {E4BFCDC9-8B2E-4355-A628-4B00423D04E9}
		{51247395-4A24-40AA-9DC0-72CD011A48D3} = {C11F6915-89C9-466C-9D58-2D57BBCA9D9B}
		{EF64ED78-4408-4360-B060-2B7C6698FE7B} = {51247395-4A24-40AA-9DC0-72CD011A48D3}
		{B919ACBF-E73E-4BA9-9CB8-B532455FEEB2} = {51247395-4A24-40AA-9DC0-72CD011A48D3}
		{1E74670C-F03E-4C5E-A0E5-6DD68351A7A9} = {51247395-4A24-40AA-9DC0-72CD011A48D3}
		{CA5134C1-BFD5-4669-9E51-8E44BFBDA518} = {51247395-4A24-40AA-9DC0-72CD011A48D3}
		{76AA5DED-7857-4369-B87C-DAB1E4A18012} = {EF64ED78-4408-4360-B060-2B7C6698FE7B}
		{5F33CBB7-C397-40F5-BE69-E37C72BC7D95} = {B919ACBF-E73E-4BA9-9CB8-B532455FEEB2}
		{69111B2B-3FD9-4639-AA17-D3672B959909} = {1E74670C-F03E-4C5E-A0E5-6DD68351A7A9}
		{D71EA00E-32AC-4CD5-8F48-4AD40B75A8A0} = {CA5134C1-BFD5-4669-9E51-8E44BFBDA518}
		{6CC9E491-53C2-48EE-8628-8EAAB3FE64E3} = {C11F6915-89C9-466C-9D58-2D57BBCA9D9B}
		{554B1C3E-EE55-42CE-B549-790EBD324F86} = {6CC9E491-53C2-48EE-8628-8EAAB3FE64E3}
		{50B428CC-FCAC-4B5A-B206-9A0EC0FE2098} = {6CC9E491-53C2-48EE-8628-8EAAB3FE64E3}
		{4CB6AA64-2755-4631-986D-006E6D60C00D} = {6CC9E491-53C2-48EE-8628-8EAAB3FE64E3}
		{87931998-9006-4F38-9B12-468A0E668575} = {6CC9E491-53C2-48EE-8628-8EAAB3FE64E3}
		{79F9556E-7712-47AF-897B-034174AB7E83} = {554B1C3E-EE55-42CE-B549-790EBD324F86}
		{4399EAB7-B121-46A1-AB63-0B240D21DFEB} = {50B428CC-FCAC-4B5A-B206-9A0EC0FE2098}
		{A2905C5A-28AC-45C0-BAE6-6EF304836288} = {4CB6AA64-2755-4631-986D-006E6D60C00D}
		{4917E6D8-BA98-4397-8012-585E02AF21E4} = {87931998-9006-4F38-9B12-468A0E668575}
	EndGlobalSection
	GlobalSection(ExtensibilityGlobals) = postSolution
		SolutionGuid = {E6A611D6-7CDE-4F5D-B659-C8B238C21A64}
	EndGlobalSection
EndGlobal
