
Microsoft Visual Studio Solution File, Format Version 12.00
# Visual Studio Version 16
VisualStudioVersion = 16.0.29613.14
MinimumVisualStudioVersion = 10.0.40219.1
Project("{9A19103F-16F7-4668-BE54-9A1E7A4F7556}") = "MicroRabbit.Domain.Core", "MicroRabbit.Domain.Core\MicroRabbit.Domain.Core.csproj", "{EDFDA445-D07B-49C0-9089-DE3A85944590}"
EndProject
Project("{2150E333-8FDC-42A3-9474-1A3956D46DE8}") = "Domain", "Domain", "{907CAB18-B9CC-4D06-9C1C-5309B5056183}"
EndProject
Global
	GlobalSection(SolutionConfigurationPlatforms) = preSolution
		Debug|Any CPU = Debug|Any CPU
		Release|Any CPU = Release|Any CPU
	EndGlobalSection
	GlobalSection(ProjectConfigurationPlatforms) = postSolution
		{EDFDA445-D07B-49C0-9089-DE3A85944590}.Debug|Any CPU.ActiveCfg = Debug|Any CPU
		{EDFDA445-D07B-49C0-9089-DE3A85944590}.Debug|Any CPU.Build.0 = Debug|Any CPU
		{EDFDA445-D07B-49C0-9089-DE3A85944590}.Release|Any CPU.ActiveCfg = Release|Any CPU
		{EDFDA445-D07B-49C0-9089-DE3A85944590}.Release|Any CPU.Build.0 = Release|Any CPU
	EndGlobalSection
	GlobalSection(SolutionProperties) = preSolution
		HideSolutionNode = FALSE
	EndGlobalSection
	GlobalSection(NestedProjects) = preSolution
		{EDFDA445-D07B-49C0-9089-DE3A85944590} = {907CAB18-B9CC-4D06-9C1C-5309B5056183}
	EndGlobalSection
	GlobalSection(ExtensibilityGlobals) = postSolution
		SolutionGuid = {E6A611D6-7CDE-4F5D-B659-C8B238C21A64}
	EndGlobalSection
EndGlobal
